<Solution>

  <Folder Name="/_solution/">
    <File Path=".editorconfig" />
    <File Path=".gitignore" />
    <File Path=".gitlab-ci.yml" />
    <File Path="Directory.Build.props" />
    <File Path="Directory.Packages.props" />
    <File Path="readme.md" />
  </Folder>

  <Folder Name="/tests/">

    <Project Path="tests/GenericNumerics.Tests.csproj">
    </Project>
  </Folder>

  <Project Path="source/GenericNumerics.csproj">
  </Project>
</Solution>
